// !$*UTF8*$!
{
	archiveVersion = 1;
	classes = {
	};
	objectVersion = 45;
	objects = {

/* Begin PBXBuildFile section */
		BD6668550F83F84100ABF98B /* Foundation.framework in Frameworks */ = {isa = PBXBuildFile; fileRef = BD6668540F83F84100ABF98B /* Foundation.framework */; };
		BD6668570F83F84100ABF98B /* UIKit.framework in Frameworks */ = {isa = PBXBuildFile; fileRef = BD6668560F83F84100ABF98B /* UIKit.framework */; };
		BD6668F80F83F87C00ABF98B /* CoreGraphics.framework in Frameworks */ = {isa = PBXBuildFile; fileRef = BD6668F70F83F87C00ABF98B /* CoreGraphics.framework */; };
		BD80A3EC0F8A69980067878C /* OCMock.framework in Frameworks */ = {isa = PBXBuildFile; fileRef = BD80A3EB0F8A69980067878C /* OCMock.framework */; };
		BD80A3F90F8A6A180067878C /* OCMock.framework in CopyFiles */ = {isa = PBXBuildFile; fileRef = BD80A3EB0F8A69980067878C /* OCMock.framework */; };
		BD80A6F20F8C87A60067878C /* UnitTest-Info.plist in Resources */ = {isa = PBXBuildFile; fileRef = BD80A6F10F8C87A60067878C /* UnitTest-Info.plist */; };
		BD80A79A0F8D2EA50067878C /* GTMSenTestCase.m in Sources */ = {isa = PBXBuildFile; fileRef = BD80A7950F8D2EA50067878C /* GTMSenTestCase.m */; };
		BD80A79B0F8D2EA50067878C /* GTMIPhoneUnitTestMain.m in Sources */ = {isa = PBXBuildFile; fileRef = BD80A7970F8D2EA50067878C /* GTMIPhoneUnitTestMain.m */; };
		BD80A79C0F8D2EA50067878C /* GTMIPhoneUnitTestDelegate.m in Sources */ = {isa = PBXBuildFile; fileRef = BD80A7980F8D2EA50067878C /* GTMIPhoneUnitTestDelegate.m */; };
/* End PBXBuildFile section */

/* Begin PBXContainerItemProxy section */
		BD80A5590F8BC7BF0067878C /* PBXContainerItemProxy */ = {
			isa = PBXContainerItemProxy;
			containerPortal = 0867D690FE84028FC02AAC07 /* Project object */;
			proxyType = 1;
			remoteGlobalIDString = D2AAC07D0554694100DB518D /* «PROJECTNAME» */;
			remoteInfo = «PROJECTNAME»;
		};
/* End PBXContainerItemProxy section */

/* Begin PBXCopyFilesBuildPhase section */
		BD80A3F80F8A69DC0067878C /* CopyFiles */ = {
			isa = PBXCopyFilesBuildPhase;
			buildActionMask = 2147483647;
			dstPath = "";
			dstSubfolderSpec = 16;
			files = (
				BD80A3F90F8A6A180067878C /* OCMock.framework in CopyFiles */,
			);
			runOnlyForDeploymentPostprocessing = 0;
		};
/* End PBXCopyFilesBuildPhase section */

/* Begin PBXFileReference section */
		32DBCF5E0370ADEE00C91783 /* «PROJECTNAME»_Prefix.pch */ = {isa = PBXFileReference; fileEncoding = 4; lastKnownFileType = sourcecode.c.h; path = «PROJECTNAME»_Prefix.pch; sourceTree = "<group>"; };
		BD6668540F83F84100ABF98B /* Foundation.framework */ = {isa = PBXFileReference; lastKnownFileType = wrapper.framework; name = Foundation.framework; path = System/Library/Frameworks/Foundation.framework; sourceTree = SDKROOT; };
		BD6668560F83F84100ABF98B /* UIKit.framework */ = {isa = PBXFileReference; lastKnownFileType = wrapper.framework; name = UIKit.framework; path = System/Library/Frameworks/UIKit.framework; sourceTree = SDKROOT; };
		BD6668F70F83F87C00ABF98B /* CoreGraphics.framework */ = {isa = PBXFileReference; lastKnownFileType = wrapper.framework; name = CoreGraphics.framework; path = System/Library/Frameworks/CoreGraphics.framework; sourceTree = SDKROOT; };
		BD80A3A20F894C7F0067878C /* UnitTest.app */ = {isa = PBXFileReference; explicitFileType = wrapper.application; includeInIndex = 0; path = UnitTest.app; sourceTree = BUILT_PRODUCTS_DIR; };
		BD80A3EB0F8A69980067878C /* OCMock.framework */ = {isa = PBXFileReference; lastKnownFileType = wrapper.framework; name = OCMock.framework; path = Frameworks/OCMock.framework; sourceTree = "<group>"; };
		BD80A6F10F8C87A60067878C /* UnitTest-Info.plist */ = {isa = PBXFileReference; fileEncoding = 4; lastKnownFileType = text.plist.xml; path = "UnitTest-Info.plist"; sourceTree = SOURCE_ROOT; };
		BD80A7940F8D2EA50067878C /* GTMIPhoneUnitTestDelegate.h */ = {isa = PBXFileReference; fileEncoding = 4; lastKnownFileType = sourcecode.c.h; path = GTMIPhoneUnitTestDelegate.h; sourceTree = SOURCE_ROOT; };
		BD80A7950F8D2EA50067878C /* GTMSenTestCase.m */ = {isa = PBXFileReference; fileEncoding = 4; lastKnownFileType = sourcecode.c.objc; path = GTMSenTestCase.m; sourceTree = SOURCE_ROOT; };
		BD80A7960F8D2EA50067878C /* GTMSenTestCase.h */ = {isa = PBXFileReference; fileEncoding = 4; lastKnownFileType = sourcecode.c.h; path = GTMSenTestCase.h; sourceTree = SOURCE_ROOT; };
		BD80A7970F8D2EA50067878C /* GTMIPhoneUnitTestMain.m */ = {isa = PBXFileReference; fileEncoding = 4; lastKnownFileType = sourcecode.c.objc; path = GTMIPhoneUnitTestMain.m; sourceTree = SOURCE_ROOT; };
		BD80A7980F8D2EA50067878C /* GTMIPhoneUnitTestDelegate.m */ = {isa = PBXFileReference; fileEncoding = 4; lastKnownFileType = sourcecode.c.objc; path = GTMIPhoneUnitTestDelegate.m; sourceTree = SOURCE_ROOT; };
		BD80A7990F8D2EA50067878C /* GTMDefines.h */ = {isa = PBXFileReference; fileEncoding = 4; lastKnownFileType = sourcecode.c.h; path = GTMDefines.h; sourceTree = SOURCE_ROOT; };
		BD80A79E0F8D3B310067878C /* RunIPhoneUnitTest.sh */ = {isa = PBXFileReference; fileEncoding = 4; lastKnownFileType = text.script.sh; path = RunIPhoneUnitTest.sh; sourceTree = SOURCE_ROOT; };
		D2AAC07E0554694100DB518D /* lib«PROJECTNAME».a */ = {isa = PBXFileReference; explicitFileType = archive.ar; includeInIndex = 0; path = lib«PROJECTNAME».a; sourceTree = BUILT_PRODUCTS_DIR; };
/* End PBXFileReference section */

/* Begin PBXFrameworksBuildPhase section */
		BD80A3A00F894C7F0067878C /* Frameworks */ = {
			isa = PBXFrameworksBuildPhase;
			buildActionMask = 2147483647;
			files = (
				BD80A3EC0F8A69980067878C /* OCMock.framework in Frameworks */,
			);
			runOnlyForDeploymentPostprocessing = 0;
		};
		D2AAC07C0554694100DB518D /* Frameworks */ = {
			isa = PBXFrameworksBuildPhase;
			buildActionMask = 2147483647;
			files = (
				BD6668550F83F84100ABF98B /* Foundation.framework in Frameworks */,
				BD6668570F83F84100ABF98B /* UIKit.framework in Frameworks */,
				BD6668F80F83F87C00ABF98B /* CoreGraphics.framework in Frameworks */,
			);
			runOnlyForDeploymentPostprocessing = 0;
		};
/* End PBXFrameworksBuildPhase section */

/* Begin PBXGroup section */
		034768DFFF38A50411DB9C8B /* Products */ = {
			isa = PBXGroup;
			children = (
				D2AAC07E0554694100DB518D /* lib«PROJECTNAME».a */,
				BD80A3A20F894C7F0067878C /* UnitTest.app */,
			);
			name = Products;
			sourceTree = "<group>";
		};
		0867D691FE84028FC02AAC07 /* «PROJECTNAME» */ = {
			isa = PBXGroup;
			children = (
				BD849B6E0F8921ED00EB1682 /* GoogleToolbox */,
				BD849B6C0F8921BB00EB1682 /* UnitTests */,
				08FB77AEFE84172EC02AAC07 /* Source */,
				32C88DFF0371C24200C91783 /* Other Sources */,
				0867D69AFE84028FC02AAC07 /* Frameworks */,
				034768DFFF38A50411DB9C8B /* Products */,
				BD80A6F10F8C87A60067878C /* UnitTest-Info.plist */,
				BD80A79E0F8D3B310067878C /* RunIPhoneUnitTest.sh */,
			);
			name = «PROJECTNAME»;
			sourceTree = "<group>";
		};
		0867D69AFE84028FC02AAC07 /* Frameworks */ = {
			isa = PBXGroup;
			children = (
				BD80A3EB0F8A69980067878C /* OCMock.framework */,
				BD6668560F83F84100ABF98B /* UIKit.framework */,
				BD6668540F83F84100ABF98B /* Foundation.framework */,
				BD6668F70F83F87C00ABF98B /* CoreGraphics.framework */,
			);
			name = Frameworks;
			sourceTree = "<group>";
		};
		08FB77AEFE84172EC02AAC07 /* Source */ = {
			isa = PBXGroup;
			children = (
			);
			name = Source;
			sourceTree = "<group>";
		};
		32C88DFF0371C24200C91783 /* Other Sources */ = {
			isa = PBXGroup;
			children = (
				32DBCF5E0370ADEE00C91783 /* «PROJECTNAME»_Prefix.pch */,
			);
			name = "Other Sources";
			sourceTree = "<group>";
		};
		BD849B6C0F8921BB00EB1682 /* UnitTests */ = {
			isa = PBXGroup;
			children = (
			);
			name = UnitTests;
			sourceTree = "<group>";
		};
		BD849B6E0F8921ED00EB1682 /* GoogleToolbox */ = {
			isa = PBXGroup;
			children = (
				BD80A7990F8D2EA50067878C /* GTMDefines.h */,
				BD80A7960F8D2EA50067878C /* GTMSenTestCase.h */,
				BD80A7950F8D2EA50067878C /* GTMSenTestCase.m */,
				BD80A7970F8D2EA50067878C /* GTMIPhoneUnitTestMain.m */,
				BD80A7940F8D2EA50067878C /* GTMIPhoneUnitTestDelegate.h */,
				BD80A7980F8D2EA50067878C /* GTMIPhoneUnitTestDelegate.m */,
			);
			name = GoogleToolbox;
			sourceTree = "<group>";
		};
/* End PBXGroup section */

/* Begin PBXHeadersBuildPhase section */
		D2AAC07A0554694100DB518D /* Headers */ = {
			isa = PBXHeadersBuildPhase;
			buildActionMask = 2147483647;
			files = (
			);
			runOnlyForDeploymentPostprocessing = 0;
		};
/* End PBXHeadersBuildPhase section */

/* Begin PBXNativeTarget section */
		BD80A3A10F894C7F0067878C /* UnitTest */ = {
			isa = PBXNativeTarget;
			buildConfigurationList = BD80A3B30F894CAE0067878C /* Build configuration list for PBXNativeTarget "UnitTest" */;
			buildPhases = (
				BD80A3F80F8A69DC0067878C /* CopyFiles */,
				BD80A39E0F894C7F0067878C /* Resources */,
				BD80A39F0F894C7F0067878C /* Sources */,
				BD80A3A00F894C7F0067878C /* Frameworks */,
				BD80A3C90F894CDD0067878C /* ShellScript */,
			);
			buildRules = (
			);
			dependencies = (
				BD80A55A0F8BC7BF0067878C /* PBXTargetDependency */,
			);
			name = UnitTest;
			productName = UnitTest;
			productReference = BD80A3A20F894C7F0067878C /* UnitTest.app */;
			productType = "com.apple.product-type.application";
		};
		D2AAC07D0554694100DB518D /* «PROJECTNAME» */ = {
			isa = PBXNativeTarget;
			buildConfigurationList = 1DEB921E08733DC00010E9CD /* Build configuration list for PBXNativeTarget "«PROJECTNAME»" */;
			buildPhases = (
				D2AAC07A0554694100DB518D /* Headers */,
				D2AAC07B0554694100DB518D /* Sources */,
				D2AAC07C0554694100DB518D /* Frameworks */,
			);
			buildRules = (
			);
			dependencies = (
			);
			name = «PROJECTNAME»;
			productName = «PROJECTNAME»;
			productReference = D2AAC07E0554694100DB518D /* lib«PROJECTNAME».a */;
			productType = "com.apple.product-type.library.static";
		};
/* End PBXNativeTarget section */

/* Begin PBXProject section */
		0867D690FE84028FC02AAC07 /* Project object */ = {
			isa = PBXProject;
			buildConfigurationList = 1DEB922208733DC00010E9CD /* Build configuration list for PBXProject "«PROJECTNAME»" */;
			compatibilityVersion = "Xcode 3.1";
			hasScannedForEncodings = 1;
			mainGroup = 0867D691FE84028FC02AAC07 /* «PROJECTNAME» */;
			productRefGroup = 034768DFFF38A50411DB9C8B /* Products */;
			projectDirPath = "";
			projectRoot = "";
			targets = (
				D2AAC07D0554694100DB518D /* «PROJECTNAME» */,
				BD80A3A10F894C7F0067878C /* UnitTest */,
			);
		};
/* End PBXProject section */

/* Begin PBXResourcesBuildPhase section */
		BD80A39E0F894C7F0067878C /* Resources */ = {
			isa = PBXResourcesBuildPhase;
			buildActionMask = 2147483647;
			files = (
				BD80A6F20F8C87A60067878C /* UnitTest-Info.plist in Resources */,
			);
			runOnlyForDeploymentPostprocessing = 0;
		};
/* End PBXResourcesBuildPhase section */

/* Begin PBXShellScriptBuildPhase section */
		BD80A3C90F894CDD0067878C /* ShellScript */ = {
			isa = PBXShellScriptBuildPhase;
			buildActionMask = 2147483647;
			files = (
			);
			inputPaths = (
			);
			outputPaths = (
			);
			runOnlyForDeploymentPostprocessing = 0;
			shellPath = /bin/sh;
			shellScript = "#\"$GTM_PATH/UnitTesting/RunIPhoneUnitTest.sh\"\n\n\"$PROJECT_DIR/RunIPhoneUnitTest.sh\"";
			showEnvVarsInLog = 0;
		};
/* End PBXShellScriptBuildPhase section */

/* Begin PBXSourcesBuildPhase section */
		BD80A39F0F894C7F0067878C /* Sources */ = {
			isa = PBXSourcesBuildPhase;
			buildActionMask = 2147483647;
			files = (
				BD80A79A0F8D2EA50067878C /* GTMSenTestCase.m in Sources */,
				BD80A79B0F8D2EA50067878C /* GTMIPhoneUnitTestMain.m in Sources */,
				BD80A79C0F8D2EA50067878C /* GTMIPhoneUnitTestDelegate.m in Sources */,
			);
			runOnlyForDeploymentPostprocessing = 0;
		};
		D2AAC07B0554694100DB518D /* Sources */ = {
			isa = PBXSourcesBuildPhase;
			buildActionMask = 2147483647;
			files = (
			);
			runOnlyForDeploymentPostprocessing = 0;
		};
/* End PBXSourcesBuildPhase section */

/* Begin PBXTargetDependency section */
		BD80A55A0F8BC7BF0067878C /* PBXTargetDependency */ = {
			isa = PBXTargetDependency;
			target = D2AAC07D0554694100DB518D /* «PROJECTNAME» */;
			targetProxy = BD80A5590F8BC7BF0067878C /* PBXContainerItemProxy */;
		};
/* End PBXTargetDependency section */

/* Begin XCBuildConfiguration section */
		1DEB921F08733DC00010E9CD /* Debug */ = {
			isa = XCBuildConfiguration;
			buildSettings = {
				ALWAYS_SEARCH_USER_PATHS = NO;
				ARCHS = "$(ARCHS_STANDARD_32_BIT)";
				COPY_PHASE_STRIP = NO;
				GCC_DYNAMIC_NO_PIC = NO;
				GCC_ENABLE_FIX_AND_CONTINUE = YES;
				GCC_MODEL_TUNING = G5;
				GCC_OPTIMIZATION_LEVEL = 0;
				GCC_PRECOMPILE_PREFIX_HEADER = YES;
				GCC_PREFIX_HEADER = «PROJECTNAME»_Prefix.pch;
				INSTALL_PATH = /usr/local/lib;
				ONLY_ACTIVE_ARCH = YES;
				OTHER_CFLAGS = "-DDEBUG=1";
				PRODUCT_NAME = «PROJECTNAME»;
			};
			name = Debug;
		};
		1DEB922008733DC00010E9CD /* Release */ = {
			isa = XCBuildConfiguration;
			buildSettings = {
				ALWAYS_SEARCH_USER_PATHS = NO;
				ARCHS = "$(ARCHS_STANDARD_32_BIT)";
				DEBUG_INFORMATION_FORMAT = "dwarf-with-dsym";
				GCC_MODEL_TUNING = G5;
				GCC_PRECOMPILE_PREFIX_HEADER = YES;
				GCC_PREFIX_HEADER = «PROJECTNAME»_Prefix.pch;
				INSTALL_PATH = /usr/local/lib;
				OTHER_CFLAGS = "";
				PRODUCT_NAME = «PROJECTNAME»;
			};
			name = Release;
		};
		1DEB922308733DC00010E9CD /* Debug */ = {
			isa = XCBuildConfiguration;
			buildSettings = {
				ARCHS = "$(ARCHS_STANDARD_32_BIT)";
				GCC_C_LANGUAGE_STANDARD = c99;
				GCC_OPTIMIZATION_LEVEL = 0;
				GCC_WARN_ABOUT_RETURN_TYPE = YES;
				GCC_WARN_UNUSED_VARIABLE = YES;
				ONLY_ACTIVE_ARCH = YES;
				PREBINDING = NO;
				SDKROOT = iphonesimulator2.2.1;
			};
			name = Debug;
		};
		1DEB922408733DC00010E9CD /* Release */ = {
			isa = XCBuildConfiguration;
			buildSettings = {
				ARCHS = "$(ARCHS_STANDARD_32_BIT)";
				GCC_C_LANGUAGE_STANDARD = c99;
				GCC_WARN_ABOUT_RETURN_TYPE = YES;
				GCC_WARN_UNUSED_VARIABLE = YES;
				PREBINDING = NO;
				SDKROOT = iphonesimulator2.2.1;
			};
			name = Release;
		};
		BD80A3A40F894C800067878C /* Debug */ = {
			isa = XCBuildConfiguration;
			buildSettings = {
				ALWAYS_SEARCH_USER_PATHS = NO;
				CODE_SIGN_IDENTITY = "iPhone Developer";
				COPY_PHASE_STRIP = NO;
				FRAMEWORK_SEARCH_PATHS = (
					"$(inherited)",
					"\"$(SRCROOT)/Frameworks\"",
				);
				GCC_DYNAMIC_NO_PIC = NO;
				GCC_OPTIMIZATION_LEVEL = 0;
				GCC_PRECOMPILE_PREFIX_HEADER = YES;
				GCC_PREFIX_HEADER = «PROJECTNAME»_Prefix.pch;
				HEADER_SEARCH_PATHS = "\"$(SRCROOT)/Frameworks\"/**";
				INFOPLIST_FILE = "UnitTest-Info.plist";
				INSTALL_PATH = "$(HOME)/Applications";
				OTHER_CFLAGS = "-DDEBUG=1";
				OTHER_LDFLAGS = (
					"-framework",
					Foundation,
					"-framework",
					UIKit,
				);
				PREBINDING = NO;
				PRODUCT_NAME = UnitTest;
				SDKROOT = iphonesimulator2.2.1;
				USER_HEADER_SEARCH_PATHS = "\"$(SRCROOT)/Frameworks\"/**";
			};
			name = Debug;
		};
		BD80A3A50F894C800067878C /* Release */ = {
			isa = XCBuildConfiguration;
			buildSettings = {
				ALWAYS_SEARCH_USER_PATHS = NO;
				CODE_SIGN_IDENTITY = "iPhone Developer";
				COPY_PHASE_STRIP = YES;
				DEBUG_INFORMATION_FORMAT = "dwarf-with-dsym";
				FRAMEWORK_SEARCH_PATHS = (
					"$(inherited)",
					"\"$(SRCROOT)/Frameworks\"",
				);
				GCC_ENABLE_FIX_AND_CONTINUE = NO;
				GCC_PRECOMPILE_PREFIX_HEADER = YES;
				GCC_PREFIX_HEADER = GTM_Prefix.pch;
				HEADER_SEARCH_PATHS = "\"$(SRCROOT)/Frameworks\"/**";
				INFOPLIST_FILE = "UnitTest-Info.plist";
				INSTALL_PATH = "$(HOME)/Applications";
				OTHER_LDFLAGS = (
					"-framework",
					Foundation,
					"-framework",
					UIKit,
				);
				PREBINDING = NO;
				PRODUCT_NAME = UnitTest;
				SDKROOT = iphonesimulator2.2.1;
				USER_HEADER_SEARCH_PATHS = "\"$(SRCROOT)/Frameworks\"/**";
				ZERO_LINK = NO;
			};
			name = Release;
		};
/* End XCBuildConfiguration section */

/* Begin XCConfigurationList section */
		1DEB921E08733DC00010E9CD /* Build configuration list for PBXNativeTarget "«PROJECTNAME»" */ = {
			isa = XCConfigurationList;
			buildConfigurations = (
				1DEB921F08733DC00010E9CD /* Debug */,
				1DEB922008733DC00010E9CD /* Release */,
			);
			defaultConfigurationIsVisible = 0;
			defaultConfigurationName = Release;
		};
		1DEB922208733DC00010E9CD /* Build configuration list for PBXProject "«PROJECTNAME»" */ = {
			isa = XCConfigurationList;
			buildConfigurations = (
				1DEB922308733DC00010E9CD /* Debug */,
				1DEB922408733DC00010E9CD /* Release */,
			);
			defaultConfigurationIsVisible = 0;
			defaultConfigurationName = Release;
		};
		BD80A3B30F894CAE0067878C /* Build configuration list for PBXNativeTarget "UnitTest" */ = {
			isa = XCConfigurationList;
			buildConfigurations = (
				BD80A3A40F894C800067878C /* Debug */,
				BD80A3A50F894C800067878C /* Release */,
			);
			defaultConfigurationIsVisible = 0;
			defaultConfigurationName = Release;
		};
/* End XCConfigurationList section */
	};
	rootObject = 0867D690FE84028FC02AAC07 /* Project object */;
}
